
Microsoft Visual Studio Solution File, Format Version 12.00
# Visual Studio Version 16
VisualStudioVersion = 16.0.31313.79
MinimumVisualStudioVersion = 10.0.40219.1
Project("{FAE04EC0-301F-11D3-BF4B-00C04F79EFBC}") = "ejercicio", "ejercicio.csproj", "{9FD043B2-3D2F-42A3-B43D-BFCA01D56385}"
EndProject
Global
	GlobalSection(SolutionConfigurationPlatforms) = preSolution
		Debug|Any CPU = Debug|Any CPU
		Release|Any CPU = Release|Any CPU
	EndGlobalSection
	GlobalSection(ProjectConfigurationPlatforms) = postSolution
		{9FD043B2-3D2F-42A3-B43D-BFCA01D56385}.Debug|Any CPU.ActiveCfg = Debug|Any CPU
		{9FD043B2-3D2F-42A3-B43D-BFCA01D56385}.Debug|Any CPU.Build.0 = Debug|Any CPU
		{9FD043B2-3D2F-42A3-B43D-BFCA01D56385}.Release|Any CPU.ActiveCfg = Release|Any CPU
		{9FD043B2-3D2F-42A3-B43D-BFCA01D56385}.Release|Any CPU.Build.0 = Release|Any CPU
	EndGlobalSection
	GlobalSection(SolutionProperties) = preSolution
		HideSolutionNode = FALSE
	EndGlobalSection
	GlobalSection(ExtensibilityGlobals) = postSolution
		SolutionGuid = {F4435CEE-7DFC-4E06-B6DD-1B217178CE79}
	EndGlobalSection
EndGlobal
